// !$*UTF8*$!
{
	archiveVersion = 1;
	classes = {
	};
	objectVersion = 50;
	objects = {

/* Begin PBXBuildFile section */
		836A74C19A131E735F191FAF /* Pods_SSPagerExample.framework in Frameworks */ = {isa = PBXBuildFile; fileRef = 48B195A7C950D2AB1294715C /* Pods_SSPagerExample.framework */; };
		BF29BA0226EC9BF7005A2509 /* SSPager.framework in Frameworks */ = {isa = PBXBuildFile; fileRef = BF29BA0126EC9BF7005A2509 /* SSPager.framework */; };
		BFEE607E26EC834500885D68 /* AppDelegate.swift in Sources */ = {isa = PBXBuildFile; fileRef = BFEE607D26EC834500885D68 /* AppDelegate.swift */; };
		BFEE608026EC834500885D68 /* SceneDelegate.swift in Sources */ = {isa = PBXBuildFile; fileRef = BFEE607F26EC834500885D68 /* SceneDelegate.swift */; };
		BFEE608226EC834500885D68 /* BasicViewController.swift in Sources */ = {isa = PBXBuildFile; fileRef = BFEE608126EC834500885D68 /* BasicViewController.swift */; };
		BFEE608526EC834500885D68 /* Main.storyboard in Resources */ = {isa = PBXBuildFile; fileRef = BFEE608326EC834500885D68 /* Main.storyboard */; };
		BFEE608726EC834600885D68 /* Assets.xcassets in Resources */ = {isa = PBXBuildFile; fileRef = BFEE608626EC834600885D68 /* Assets.xcassets */; };
		BFEE608A26EC834600885D68 /* LaunchScreen.storyboard in Resources */ = {isa = PBXBuildFile; fileRef = BFEE608826EC834600885D68 /* LaunchScreen.storyboard */; };
		BFEE609226EC83F200885D68 /* RxBasicViewController.swift in Sources */ = {isa = PBXBuildFile; fileRef = BFEE609126EC83F200885D68 /* RxBasicViewController.swift */; };
/* End PBXBuildFile section */

/* Begin PBXFileReference section */
		48B195A7C950D2AB1294715C /* Pods_SSPagerExample.framework */ = {isa = PBXFileReference; explicitFileType = wrapper.framework; includeInIndex = 0; path = Pods_SSPagerExample.framework; sourceTree = BUILT_PRODUCTS_DIR; };
		4AB42BC89BDB184BB81EA551 /* Pods-SSPagerExample.release.xcconfig */ = {isa = PBXFileReference; includeInIndex = 1; lastKnownFileType = text.xcconfig; name = "Pods-SSPagerExample.release.xcconfig"; path = "Target Support Files/Pods-SSPagerExample/Pods-SSPagerExample.release.xcconfig"; sourceTree = "<group>"; };
		BF29B9F426EC99DC005A2509 /* RxCocoa.framework */ = {isa = PBXFileReference; explicitFileType = wrapper.framework; path = RxCocoa.framework; sourceTree = BUILT_PRODUCTS_DIR; };
		BF29B9F526EC99DC005A2509 /* RxRelay.framework */ = {isa = PBXFileReference; explicitFileType = wrapper.framework; path = RxRelay.framework; sourceTree = BUILT_PRODUCTS_DIR; };
		BF29B9F626EC99DC005A2509 /* RxSwift.framework */ = {isa = PBXFileReference; explicitFileType = wrapper.framework; path = RxSwift.framework; sourceTree = BUILT_PRODUCTS_DIR; };
		BF29B9F726EC99DC005A2509 /* SSPager.framework */ = {isa = PBXFileReference; explicitFileType = wrapper.framework; path = SSPager.framework; sourceTree = BUILT_PRODUCTS_DIR; };
		BF29BA0126EC9BF7005A2509 /* SSPager.framework */ = {isa = PBXFileReference; explicitFileType = wrapper.framework; path = SSPager.framework; sourceTree = BUILT_PRODUCTS_DIR; };
		BFEE607A26EC834500885D68 /* SSPagerExample.app */ = {isa = PBXFileReference; explicitFileType = wrapper.application; includeInIndex = 0; path = SSPagerExample.app; sourceTree = BUILT_PRODUCTS_DIR; };
		BFEE607D26EC834500885D68 /* AppDelegate.swift */ = {isa = PBXFileReference; lastKnownFileType = sourcecode.swift; path = AppDelegate.swift; sourceTree = "<group>"; };
		BFEE607F26EC834500885D68 /* SceneDelegate.swift */ = {isa = PBXFileReference; lastKnownFileType = sourcecode.swift; path = SceneDelegate.swift; sourceTree = "<group>"; };
		BFEE608126EC834500885D68 /* BasicViewController.swift */ = {isa = PBXFileReference; lastKnownFileType = sourcecode.swift; path = BasicViewController.swift; sourceTree = "<group>"; };
		BFEE608426EC834500885D68 /* Base */ = {isa = PBXFileReference; lastKnownFileType = file.storyboard; name = Base; path = Base.lproj/Main.storyboard; sourceTree = "<group>"; };
		BFEE608626EC834600885D68 /* Assets.xcassets */ = {isa = PBXFileReference; lastKnownFileType = folder.assetcatalog; path = Assets.xcassets; sourceTree = "<group>"; };
		BFEE608926EC834600885D68 /* Base */ = {isa = PBXFileReference; lastKnownFileType = file.storyboard; name = Base; path = Base.lproj/LaunchScreen.storyboard; sourceTree = "<group>"; };
		BFEE608B26EC834600885D68 /* Info.plist */ = {isa = PBXFileReference; lastKnownFileType = text.plist.xml; path = Info.plist; sourceTree = "<group>"; };
		BFEE609126EC83F200885D68 /* RxBasicViewController.swift */ = {isa = PBXFileReference; lastKnownFileType = sourcecode.swift; path = RxBasicViewController.swift; sourceTree = "<group>"; };
		D4E01C127DF1F9599E64D59F /* Pods-SSPagerExample.debug.xcconfig */ = {isa = PBXFileReference; includeInIndex = 1; lastKnownFileType = text.xcconfig; name = "Pods-SSPagerExample.debug.xcconfig"; path = "Target Support Files/Pods-SSPagerExample/Pods-SSPagerExample.debug.xcconfig"; sourceTree = "<group>"; };
/* End PBXFileReference section */

/* Begin PBXFrameworksBuildPhase section */
		BFEE607726EC834500885D68 /* Frameworks */ = {
			isa = PBXFrameworksBuildPhase;
			buildActionMask = 2147483647;
			files = (
				BF29BA0226EC9BF7005A2509 /* SSPager.framework in Frameworks */,
				836A74C19A131E735F191FAF /* Pods_SSPagerExample.framework in Frameworks */,
			);
			runOnlyForDeploymentPostprocessing = 0;
		};
/* End PBXFrameworksBuildPhase section */

/* Begin PBXGroup section */
		475F877009760C50A42ACACA /* Pods */ = {
			isa = PBXGroup;
			children = (
				D4E01C127DF1F9599E64D59F /* Pods-SSPagerExample.debug.xcconfig */,
				4AB42BC89BDB184BB81EA551 /* Pods-SSPagerExample.release.xcconfig */,
			);
			name = Pods;
			path = ../Pods;
			sourceTree = "<group>";
		};
		BF29B9F326EC99DC005A2509 /* Frameworks */ = {
			isa = PBXGroup;
			children = (
				BF29BA0126EC9BF7005A2509 /* SSPager.framework */,
				BF29B9F426EC99DC005A2509 /* RxCocoa.framework */,
				BF29B9F526EC99DC005A2509 /* RxRelay.framework */,
				BF29B9F626EC99DC005A2509 /* RxSwift.framework */,
				BF29B9F726EC99DC005A2509 /* SSPager.framework */,
				48B195A7C950D2AB1294715C /* Pods_SSPagerExample.framework */,
			);
			name = Frameworks;
			sourceTree = "<group>";
		};
		BFEE607126EC834500885D68 = {
			isa = PBXGroup;
			children = (
				BFEE607C26EC834500885D68 /* SSPagerExample */,
				BFEE607B26EC834500885D68 /* Products */,
				BF29B9F326EC99DC005A2509 /* Frameworks */,
				475F877009760C50A42ACACA /* Pods */,
			);
			sourceTree = "<group>";
		};
		BFEE607B26EC834500885D68 /* Products */ = {
			isa = PBXGroup;
			children = (
				BFEE607A26EC834500885D68 /* SSPagerExample.app */,
			);
			name = Products;
			sourceTree = "<group>";
		};
		BFEE607C26EC834500885D68 /* SSPagerExample */ = {
			isa = PBXGroup;
			children = (
				BFEE607D26EC834500885D68 /* AppDelegate.swift */,
				BFEE607F26EC834500885D68 /* SceneDelegate.swift */,
				BFEE608126EC834500885D68 /* BasicViewController.swift */,
				BFEE609126EC83F200885D68 /* RxBasicViewController.swift */,
				BFEE608326EC834500885D68 /* Main.storyboard */,
				BFEE608626EC834600885D68 /* Assets.xcassets */,
				BFEE608826EC834600885D68 /* LaunchScreen.storyboard */,
				BFEE608B26EC834600885D68 /* Info.plist */,
			);
			path = SSPagerExample;
			sourceTree = "<group>";
		};
/* End PBXGroup section */

/* Begin PBXNativeTarget section */
		BFEE607926EC834500885D68 /* SSPagerExample */ = {
			isa = PBXNativeTarget;
			buildConfigurationList = BFEE608E26EC834600885D68 /* Build configuration list for PBXNativeTarget "SSPagerExample" */;
			buildPhases = (
				FA5E89D2555816153E56B052 /* [CP] Check Pods Manifest.lock */,
				BFEE607626EC834500885D68 /* Sources */,
				BFEE607726EC834500885D68 /* Frameworks */,
				BFEE607826EC834500885D68 /* Resources */,
				1F822C38A20441F39106EF7C /* [CP] Embed Pods Frameworks */,
			);
			buildRules = (
			);
			dependencies = (
			);
			name = SSPagerExample;
			productName = SSPagerExample;
			productReference = BFEE607A26EC834500885D68 /* SSPagerExample.app */;
			productType = "com.apple.product-type.application";
		};
/* End PBXNativeTarget section */

/* Begin PBXProject section */
		BFEE607226EC834500885D68 /* Project object */ = {
			isa = PBXProject;
			attributes = {
				LastSwiftUpdateCheck = 1250;
				LastUpgradeCheck = 1250;
				TargetAttributes = {
					BFEE607926EC834500885D68 = {
						CreatedOnToolsVersion = 12.5;
					};
				};
			};
			buildConfigurationList = BFEE607526EC834500885D68 /* Build configuration list for PBXProject "SSPagerExample" */;
			compatibilityVersion = "Xcode 9.3";
			developmentRegion = en;
			hasScannedForEncodings = 0;
			knownRegions = (
				en,
				Base,
			);
			mainGroup = BFEE607126EC834500885D68;
			productRefGroup = BFEE607B26EC834500885D68 /* Products */;
			projectDirPath = "";
			projectRoot = "";
			targets = (
				BFEE607926EC834500885D68 /* SSPagerExample */,
			);
		};
/* End PBXProject section */

/* Begin PBXResourcesBuildPhase section */
		BFEE607826EC834500885D68 /* Resources */ = {
			isa = PBXResourcesBuildPhase;
			buildActionMask = 2147483647;
			files = (
				BFEE608A26EC834600885D68 /* LaunchScreen.storyboard in Resources */,
				BFEE608726EC834600885D68 /* Assets.xcassets in Resources */,
				BFEE608526EC834500885D68 /* Main.storyboard in Resources */,
			);
			runOnlyForDeploymentPostprocessing = 0;
		};
/* End PBXResourcesBuildPhase section */

/* Begin PBXShellScriptBuildPhase section */
		1F822C38A20441F39106EF7C /* [CP] Embed Pods Frameworks */ = {
			isa = PBXShellScriptBuildPhase;
			buildActionMask = 2147483647;
			files = (
			);
			inputFileListPaths = (
				"${PODS_ROOT}/Target Support Files/Pods-SSPagerExample/Pods-SSPagerExample-frameworks-${CONFIGURATION}-input-files.xcfilelist",
			);
			name = "[CP] Embed Pods Frameworks";
			outputFileListPaths = (
				"${PODS_ROOT}/Target Support Files/Pods-SSPagerExample/Pods-SSPagerExample-frameworks-${CONFIGURATION}-output-files.xcfilelist",
			);
			runOnlyForDeploymentPostprocessing = 0;
			shellPath = /bin/sh;
			shellScript = "\"${PODS_ROOT}/Target Support Files/Pods-SSPagerExample/Pods-SSPagerExample-frameworks.sh\"\n";
			showEnvVarsInLog = 0;
		};
		FA5E89D2555816153E56B052 /* [CP] Check Pods Manifest.lock */ = {
			isa = PBXShellScriptBuildPhase;
			buildActionMask = 2147483647;
			files = (
			);
			inputFileListPaths = (
			);
			inputPaths = (
				"${PODS_PODFILE_DIR_PATH}/Podfile.lock",
				"${PODS_ROOT}/Manifest.lock",
			);
			name = "[CP] Check Pods Manifest.lock";
			outputFileListPaths = (
			);
			outputPaths = (
				"$(DERIVED_FILE_DIR)/Pods-SSPagerExample-checkManifestLockResult.txt",
			);
			runOnlyForDeploymentPostprocessing = 0;
			shellPath = /bin/sh;
			shellScript = "diff \"${PODS_PODFILE_DIR_PATH}/Podfile.lock\" \"${PODS_ROOT}/Manifest.lock\" > /dev/null\nif [ $? != 0 ] ; then\n    # print error to STDERR\n    echo \"error: The sandbox is not in sync with the Podfile.lock. Run 'pod install' or update your CocoaPods installation.\" >&2\n    exit 1\nfi\n# This output is used by Xcode 'outputs' to avoid re-running this script phase.\necho \"SUCCESS\" > \"${SCRIPT_OUTPUT_FILE_0}\"\n";
			showEnvVarsInLog = 0;
		};
/* End PBXShellScriptBuildPhase section */

/* Begin PBXSourcesBuildPhase section */
		BFEE607626EC834500885D68 /* Sources */ = {
			isa = PBXSourcesBuildPhase;
			buildActionMask = 2147483647;
			files = (
				BFEE608226EC834500885D68 /* BasicViewController.swift in Sources */,
				BFEE609226EC83F200885D68 /* RxBasicViewController.swift in Sources */,
				BFEE607E26EC834500885D68 /* AppDelegate.swift in Sources */,
				BFEE608026EC834500885D68 /* SceneDelegate.swift in Sources */,
			);
			runOnlyForDeploymentPostprocessing = 0;
		};
/* End PBXSourcesBuildPhase section */

/* Begin PBXVariantGroup section */
		BFEE608326EC834500885D68 /* Main.storyboard */ = {
			isa = PBXVariantGroup;
			children = (
				BFEE608426EC834500885D68 /* Base */,
			);
			name = Main.storyboard;
			sourceTree = "<group>";
		};
		BFEE608826EC834600885D68 /* LaunchScreen.storyboard */ = {
			isa = PBXVariantGroup;
			children = (
				BFEE608926EC834600885D68 /* Base */,
			);
			name = LaunchScreen.storyboard;
			sourceTree = "<group>";
		};
/* End PBXVariantGroup section */

/* Begin XCBuildConfiguration section */
		BFEE608C26EC834600885D68 /* Debug */ = {
			isa = XCBuildConfiguration;
			buildSettings = {
				ALWAYS_SEARCH_USER_PATHS = NO;
				CLANG_ANALYZER_NONNULL = YES;
				CLANG_ANALYZER_NUMBER_OBJECT_CONVERSION = YES_AGGRESSIVE;
				CLANG_CXX_LANGUAGE_STANDARD = "gnu++14";
				CLANG_CXX_LIBRARY = "libc++";
				CLANG_ENABLE_MODULES = YES;
				CLANG_ENABLE_OBJC_ARC = YES;
				CLANG_ENABLE_OBJC_WEAK = YES;
				CLANG_WARN_BLOCK_CAPTURE_AUTORELEASING = YES;
				CLANG_WARN_BOOL_CONVERSION = YES;
				CLANG_WARN_COMMA = YES;
				CLANG_WARN_CONSTANT_CONVERSION = YES;
				CLANG_WARN_DEPRECATED_OBJC_IMPLEMENTATIONS = YES;
				CLANG_WARN_DIRECT_OBJC_ISA_USAGE = YES_ERROR;
				CLANG_WARN_DOCUMENTATION_COMMENTS = YES;
				CLANG_WARN_EMPTY_BODY = YES;
				CLANG_WARN_ENUM_CONVERSION = YES;
				CLANG_WARN_INFINITE_RECURSION = YES;
				CLANG_WARN_INT_CONVERSION = YES;
				CLANG_WARN_NON_LITERAL_NULL_CONVERSION = YES;
				CLANG_WARN_OBJC_IMPLICIT_RETAIN_SELF = YES;
				CLANG_WARN_OBJC_LITERAL_CONVERSION = YES;
				CLANG_WARN_OBJC_ROOT_CLASS = YES_ERROR;
				CLANG_WARN_QUOTED_INCLUDE_IN_FRAMEWORK_HEADER = YES;
				CLANG_WARN_RANGE_LOOP_ANALYSIS = YES;
				CLANG_WARN_STRICT_PROTOTYPES = YES;
				CLANG_WARN_SUSPICIOUS_MOVE = YES;
				CLANG_WARN_UNGUARDED_AVAILABILITY = YES_AGGRESSIVE;
				CLANG_WARN_UNREACHABLE_CODE = YES;
				CLANG_WARN__DUPLICATE_METHOD_MATCH = YES;
				COPY_PHASE_STRIP = NO;
				DEBUG_INFORMATION_FORMAT = dwarf;
				ENABLE_STRICT_OBJC_MSGSEND = YES;
				ENABLE_TESTABILITY = YES;
				GCC_C_LANGUAGE_STANDARD = gnu11;
				GCC_DYNAMIC_NO_PIC = NO;
				GCC_NO_COMMON_BLOCKS = YES;
				GCC_OPTIMIZATION_LEVEL = 0;
				GCC_PREPROCESSOR_DEFINITIONS = (
					"DEBUG=1",
					"$(inherited)",
				);
				GCC_WARN_64_TO_32_BIT_CONVERSION = YES;
				GCC_WARN_ABOUT_RETURN_TYPE = YES_ERROR;
				GCC_WARN_UNDECLARED_SELECTOR = YES;
				GCC_WARN_UNINITIALIZED_AUTOS = YES_AGGRESSIVE;
				GCC_WARN_UNUSED_FUNCTION = YES;
				GCC_WARN_UNUSED_VARIABLE = YES;
				IPHONEOS_DEPLOYMENT_TARGET = 14.5;
				MTL_ENABLE_DEBUG_INFO = INCLUDE_SOURCE;
				MTL_FAST_MATH = YES;
				ONLY_ACTIVE_ARCH = YES;
				SDKROOT = iphoneos;
				SWIFT_ACTIVE_COMPILATION_CONDITIONS = DEBUG;
				SWIFT_OPTIMIZATION_LEVEL = "-Onone";
			};
			name = Debug;
		};
		BFEE608D26EC834600885D68 /* Release */ = {
			isa = XCBuildConfiguration;
			buildSettings = {
				ALWAYS_SEARCH_USER_PATHS = NO;
				CLANG_ANALYZER_NONNULL = YES;
				CLANG_ANALYZER_NUMBER_OBJECT_CONVERSION = YES_AGGRESSIVE;
				CLANG_CXX_LANGUAGE_STANDARD = "gnu++14";
				CLANG_CXX_LIBRARY = "libc++";
				CLANG_ENABLE_MODULES = YES;
				CLANG_ENABLE_OBJC_ARC = YES;
				CLANG_ENABLE_OBJC_WEAK = YES;
				CLANG_WARN_BLOCK_CAPTURE_AUTORELEASING = YES;
				CLANG_WARN_BOOL_CONVERSION = YES;
				CLANG_WARN_COMMA = YES;
				CLANG_WARN_CONSTANT_CONVERSION = YES;
				CLANG_WARN_DEPRECATED_OBJC_IMPLEMENTATIONS = YES;
				CLANG_WARN_DIRECT_OBJC_ISA_USAGE = YES_ERROR;
				CLANG_WARN_DOCUMENTATION_COMMENTS = YES;
				CLANG_WARN_EMPTY_BODY = YES;
				CLANG_WARN_ENUM_CONVERSION = YES;
				CLANG_WARN_INFINITE_RECURSION = YES;
				CLANG_WARN_INT_CONVERSION = YES;
				CLANG_WARN_NON_LITERAL_NULL_CONVERSION = YES;
				CLANG_WARN_OBJC_IMPLICIT_RETAIN_SELF = YES;
				CLANG_WARN_OBJC_LITERAL_CONVERSION = YES;
				CLANG_WARN_OBJC_ROOT_CLASS = YES_ERROR;
				CLANG_WARN_QUOTED_INCLUDE_IN_FRAMEWORK_HEADER = YES;
				CLANG_WARN_RANGE_LOOP_ANALYSIS = YES;
				CLANG_WARN_STRICT_PROTOTYPES = YES;
				CLANG_WARN_SUSPICIOUS_MOVE = YES;
				CLANG_WARN_UNGUARDED_AVAILABILITY = YES_AGGRESSIVE;
				CLANG_WARN_UNREACHABLE_CODE = YES;
				CLANG_WARN__DUPLICATE_METHOD_MATCH = YES;
				COPY_PHASE_STRIP = NO;
				DEBUG_INFORMATION_FORMAT = "dwarf-with-dsym";
				ENABLE_NS_ASSERTIONS = NO;
				ENABLE_STRICT_OBJC_MSGSEND = YES;
				GCC_C_LANGUAGE_STANDARD = gnu11;
				GCC_NO_COMMON_BLOCKS = YES;
				GCC_WARN_64_TO_32_BIT_CONVERSION = YES;
				GCC_WARN_ABOUT_RETURN_TYPE = YES_ERROR;
				GCC_WARN_UNDECLARED_SELECTOR = YES;
				GCC_WARN_UNINITIALIZED_AUTOS = YES_AGGRESSIVE;
				GCC_WARN_UNUSED_FUNCTION = YES;
				GCC_WARN_UNUSED_VARIABLE = YES;
				IPHONEOS_DEPLOYMENT_TARGET = 14.5;
				MTL_ENABLE_DEBUG_INFO = NO;
				MTL_FAST_MATH = YES;
				SDKROOT = iphoneos;
				SWIFT_COMPILATION_MODE = wholemodule;
				SWIFT_OPTIMIZATION_LEVEL = "-O";
				VALIDATE_PRODUCT = YES;
			};
			name = Release;
		};
		BFEE608F26EC834600885D68 /* Debug */ = {
			isa = XCBuildConfiguration;
			baseConfigurationReference = D4E01C127DF1F9599E64D59F /* Pods-SSPagerExample.debug.xcconfig */;
			buildSettings = {
				ASSETCATALOG_COMPILER_APPICON_NAME = AppIcon;
				ASSETCATALOG_COMPILER_GLOBAL_ACCENT_COLOR_NAME = AccentColor;
				CODE_SIGN_STYLE = Automatic;
				DEVELOPMENT_TEAM = G99VW8TP32;
				INFOPLIST_FILE = SSPagerExample/Info.plist;
				LD_RUNPATH_SEARCH_PATHS = (
					"$(inherited)",
					"@executable_path/Frameworks",
				);
				PRODUCT_BUNDLE_IDENTIFIER = com.9oya.SSPagerExample;
				PRODUCT_NAME = "$(TARGET_NAME)";
				SWIFT_VERSION = 5.0;
				TARGETED_DEVICE_FAMILY = "1,2";
			};
			name = Debug;
		};
		BFEE609026EC834600885D68 /* Release */ = {
			isa = XCBuildConfiguration;
			baseConfigurationReference = 4AB42BC89BDB184BB81EA551 /* Pods-SSPagerExample.release.xcconfig */;
			buildSettings = {
				ASSETCATALOG_COMPILER_APPICON_NAME = AppIcon;
				ASSETCATALOG_COMPILER_GLOBAL_ACCENT_COLOR_NAME = AccentColor;
				CODE_SIGN_STYLE = Automatic;
				DEVELOPMENT_TEAM = G99VW8TP32;
				INFOPLIST_FILE = SSPagerExample/Info.plist;
				LD_RUNPATH_SEARCH_PATHS = (
					"$(inherited)",
					"@executable_path/Frameworks",
				);
				PRODUCT_BUNDLE_IDENTIFIER = com.9oya.SSPagerExample;
				PRODUCT_NAME = "$(TARGET_NAME)";
				SWIFT_VERSION = 5.0;
				TARGETED_DEVICE_FAMILY = "1,2";
			};
			name = Release;
		};
/* End XCBuildConfiguration section */

/* Begin XCConfigurationList section */
		BFEE607526EC834500885D68 /* Build configuration list for PBXProject "SSPagerExample" */ = {
			isa = XCConfigurationList;
			buildConfigurations = (
				BFEE608C26EC834600885D68 /* Debug */,
				BFEE608D26EC834600885D68 /* Release */,
			);
			defaultConfigurationIsVisible = 0;
			defaultConfigurationName = Release;
		};
		BFEE608E26EC834600885D68 /* Build configuration list for PBXNativeTarget "SSPagerExample" */ = {
			isa = XCConfigurationList;
			buildConfigurations = (
				BFEE608F26EC834600885D68 /* Debug */,
				BFEE609026EC834600885D68 /* Release */,
			);
			defaultConfigurationIsVisible = 0;
			defaultConfigurationName = Release;
		};
/* End XCConfigurationList section */
	};
	rootObject = BFEE607226EC834500885D68 /* Project object */;
}
