// !$*UTF8*$!
{
	archiveVersion = 1;
	classes = {
	};
	objectVersion = 50;
	objects = {

/* Begin PBXBuildFile section */
		4A76958ACBAE8D8DB39176ED /* Pods_SSPager.framework in Frameworks */ = {isa = PBXBuildFile; fileRef = 8E7EA97CB8211674B3BC13E2 /* Pods_SSPager.framework */; };
		BF7B453A26E328E0001EAD5E /* SSPager.h in Headers */ = {isa = PBXBuildFile; fileRef = BF7B453826E328E0001EAD5E /* SSPager.h */; settings = {ATTRIBUTES = (Public, ); }; };
		BF7B454126E32903001EAD5E /* SSPagerCollectionView.swift in Sources */ = {isa = PBXBuildFile; fileRef = BF7B454026E32903001EAD5E /* SSPagerCollectionView.swift */; };
		BF7B454326E32914001EAD5E /* SSPagerView.swift in Sources */ = {isa = PBXBuildFile; fileRef = BF7B454226E32914001EAD5E /* SSPagerView.swift */; };
		BF7B454526E3291D001EAD5E /* SSPagerViewCell.swift in Sources */ = {isa = PBXBuildFile; fileRef = BF7B454426E3291D001EAD5E /* SSPagerViewCell.swift */; };
		BF7B454726E32927001EAD5E /* SSPagerViewLayout.swift in Sources */ = {isa = PBXBuildFile; fileRef = BF7B454626E32927001EAD5E /* SSPagerViewLayout.swift */; };
		BFEE609426EC96BC00885D68 /* SSPagerView+Rx.swift in Sources */ = {isa = PBXBuildFile; fileRef = BFEE603526E742E200885D68 /* SSPagerView+Rx.swift */; };
		BFEE609526EC96BE00885D68 /* SSPagerViewDatatSourceProxy.swift in Sources */ = {isa = PBXBuildFile; fileRef = BFEE605E26EC40AB00885D68 /* SSPagerViewDatatSourceProxy.swift */; };
		BFEE609626EC96C000885D68 /* SSPagerViewDelegateProxy.swift in Sources */ = {isa = PBXBuildFile; fileRef = BFEE606026EC45CC00885D68 /* SSPagerViewDelegateProxy.swift */; };
		BFEE609726EC96C200885D68 /* RxSSPagerViewReactiveArrayDataSource.swift in Sources */ = {isa = PBXBuildFile; fileRef = BFEE606226EC486F00885D68 /* RxSSPagerViewReactiveArrayDataSource.swift */; };
/* End PBXBuildFile section */

/* Begin PBXFileReference section */
		21C87E70764383414124B349 /* Pods-SSPager.debug.xcconfig */ = {isa = PBXFileReference; includeInIndex = 1; lastKnownFileType = text.xcconfig; name = "Pods-SSPager.debug.xcconfig"; path = "Target Support Files/Pods-SSPager/Pods-SSPager.debug.xcconfig"; sourceTree = "<group>"; };
		8B14A30EF7F7B63C76548874 /* Pods-SSPager.release.xcconfig */ = {isa = PBXFileReference; includeInIndex = 1; lastKnownFileType = text.xcconfig; name = "Pods-SSPager.release.xcconfig"; path = "Target Support Files/Pods-SSPager/Pods-SSPager.release.xcconfig"; sourceTree = "<group>"; };
		8E7EA97CB8211674B3BC13E2 /* Pods_SSPager.framework */ = {isa = PBXFileReference; explicitFileType = wrapper.framework; includeInIndex = 0; path = Pods_SSPager.framework; sourceTree = BUILT_PRODUCTS_DIR; };
		BF7B453526E328E0001EAD5E /* SSPager.framework */ = {isa = PBXFileReference; explicitFileType = wrapper.framework; includeInIndex = 0; path = SSPager.framework; sourceTree = BUILT_PRODUCTS_DIR; };
		BF7B453826E328E0001EAD5E /* SSPager.h */ = {isa = PBXFileReference; lastKnownFileType = sourcecode.c.h; path = SSPager.h; sourceTree = "<group>"; };
		BF7B453926E328E0001EAD5E /* Info.plist */ = {isa = PBXFileReference; lastKnownFileType = text.plist.xml; path = Info.plist; sourceTree = "<group>"; };
		BF7B454026E32903001EAD5E /* SSPagerCollectionView.swift */ = {isa = PBXFileReference; lastKnownFileType = sourcecode.swift; path = SSPagerCollectionView.swift; sourceTree = "<group>"; };
		BF7B454226E32914001EAD5E /* SSPagerView.swift */ = {isa = PBXFileReference; lastKnownFileType = sourcecode.swift; path = SSPagerView.swift; sourceTree = "<group>"; };
		BF7B454426E3291D001EAD5E /* SSPagerViewCell.swift */ = {isa = PBXFileReference; lastKnownFileType = sourcecode.swift; path = SSPagerViewCell.swift; sourceTree = "<group>"; };
		BF7B454626E32927001EAD5E /* SSPagerViewLayout.swift */ = {isa = PBXFileReference; lastKnownFileType = sourcecode.swift; path = SSPagerViewLayout.swift; sourceTree = "<group>"; };
		BFEE603526E742E200885D68 /* SSPagerView+Rx.swift */ = {isa = PBXFileReference; lastKnownFileType = sourcecode.swift; path = "SSPagerView+Rx.swift"; sourceTree = "<group>"; };
		BFEE605E26EC40AB00885D68 /* SSPagerViewDatatSourceProxy.swift */ = {isa = PBXFileReference; lastKnownFileType = sourcecode.swift; path = SSPagerViewDatatSourceProxy.swift; sourceTree = "<group>"; };
		BFEE606026EC45CC00885D68 /* SSPagerViewDelegateProxy.swift */ = {isa = PBXFileReference; lastKnownFileType = sourcecode.swift; path = SSPagerViewDelegateProxy.swift; sourceTree = "<group>"; };
		BFEE606226EC486F00885D68 /* RxSSPagerViewReactiveArrayDataSource.swift */ = {isa = PBXFileReference; lastKnownFileType = sourcecode.swift; path = RxSSPagerViewReactiveArrayDataSource.swift; sourceTree = "<group>"; };
/* End PBXFileReference section */

/* Begin PBXFrameworksBuildPhase section */
		BF7B453226E328E0001EAD5E /* Frameworks */ = {
			isa = PBXFrameworksBuildPhase;
			buildActionMask = 2147483647;
			files = (
				4A76958ACBAE8D8DB39176ED /* Pods_SSPager.framework in Frameworks */,
			);
			runOnlyForDeploymentPostprocessing = 0;
		};
/* End PBXFrameworksBuildPhase section */

/* Begin PBXGroup section */
		90788B0E5E23A6F8DEED2629 /* Frameworks */ = {
			isa = PBXGroup;
			children = (
				8E7EA97CB8211674B3BC13E2 /* Pods_SSPager.framework */,
			);
			name = Frameworks;
			sourceTree = "<group>";
		};
		AD74335730CD4ABE4DC023A6 /* Pods */ = {
			isa = PBXGroup;
			children = (
				21C87E70764383414124B349 /* Pods-SSPager.debug.xcconfig */,
				8B14A30EF7F7B63C76548874 /* Pods-SSPager.release.xcconfig */,
			);
			path = Pods;
			sourceTree = "<group>";
		};
		BF7B452B26E328E0001EAD5E = {
			isa = PBXGroup;
			children = (
				BF7B453726E328E0001EAD5E /* SSPager */,
				BFEE609326EC96AD00885D68 /* RxSSPager */,
				BF7B453626E328E0001EAD5E /* Products */,
				AD74335730CD4ABE4DC023A6 /* Pods */,
				90788B0E5E23A6F8DEED2629 /* Frameworks */,
			);
			sourceTree = "<group>";
		};
		BF7B453626E328E0001EAD5E /* Products */ = {
			isa = PBXGroup;
			children = (
				BF7B453526E328E0001EAD5E /* SSPager.framework */,
			);
			name = Products;
			sourceTree = "<group>";
		};
		BF7B453726E328E0001EAD5E /* SSPager */ = {
			isa = PBXGroup;
			children = (
				BF7B453826E328E0001EAD5E /* SSPager.h */,
				BF7B454026E32903001EAD5E /* SSPagerCollectionView.swift */,
				BF7B454226E32914001EAD5E /* SSPagerView.swift */,
				BF7B454426E3291D001EAD5E /* SSPagerViewCell.swift */,
				BF7B454626E32927001EAD5E /* SSPagerViewLayout.swift */,
				BF7B453926E328E0001EAD5E /* Info.plist */,
			);
			path = SSPager;
			sourceTree = "<group>";
		};
		BFEE609326EC96AD00885D68 /* RxSSPager */ = {
			isa = PBXGroup;
			children = (
				BFEE603526E742E200885D68 /* SSPagerView+Rx.swift */,
				BFEE605E26EC40AB00885D68 /* SSPagerViewDatatSourceProxy.swift */,
				BFEE606026EC45CC00885D68 /* SSPagerViewDelegateProxy.swift */,
				BFEE606226EC486F00885D68 /* RxSSPagerViewReactiveArrayDataSource.swift */,
			);
			path = RxSSPager;
			sourceTree = "<group>";
		};
/* End PBXGroup section */

/* Begin PBXHeadersBuildPhase section */
		BF7B453026E328E0001EAD5E /* Headers */ = {
			isa = PBXHeadersBuildPhase;
			buildActionMask = 2147483647;
			files = (
				BF7B453A26E328E0001EAD5E /* SSPager.h in Headers */,
			);
			runOnlyForDeploymentPostprocessing = 0;
		};
/* End PBXHeadersBuildPhase section */

/* Begin PBXNativeTarget section */
		BF7B453426E328E0001EAD5E /* SSPager */ = {
			isa = PBXNativeTarget;
			buildConfigurationList = BF7B453D26E328E0001EAD5E /* Build configuration list for PBXNativeTarget "SSPager" */;
			buildPhases = (
				158467553021FAE244485C11 /* [CP] Check Pods Manifest.lock */,
				BF7B453026E328E0001EAD5E /* Headers */,
				BF7B453126E328E0001EAD5E /* Sources */,
				BF7B453226E328E0001EAD5E /* Frameworks */,
				BF7B453326E328E0001EAD5E /* Resources */,
			);
			buildRules = (
			);
			dependencies = (
			);
			name = SSPager;
			productName = SSPager;
			productReference = BF7B453526E328E0001EAD5E /* SSPager.framework */;
			productType = "com.apple.product-type.framework";
		};
/* End PBXNativeTarget section */

/* Begin PBXProject section */
		BF7B452C26E328E0001EAD5E /* Project object */ = {
			isa = PBXProject;
			attributes = {
				LastUpgradeCheck = 1250;
				TargetAttributes = {
					BF7B453426E328E0001EAD5E = {
						CreatedOnToolsVersion = 12.5;
						LastSwiftMigration = 1250;
					};
				};
			};
			buildConfigurationList = BF7B452F26E328E0001EAD5E /* Build configuration list for PBXProject "SSPager" */;
			compatibilityVersion = "Xcode 9.3";
			developmentRegion = en;
			hasScannedForEncodings = 0;
			knownRegions = (
				en,
				Base,
			);
			mainGroup = BF7B452B26E328E0001EAD5E;
			productRefGroup = BF7B453626E328E0001EAD5E /* Products */;
			projectDirPath = "";
			projectRoot = "";
			targets = (
				BF7B453426E328E0001EAD5E /* SSPager */,
			);
		};
/* End PBXProject section */

/* Begin PBXResourcesBuildPhase section */
		BF7B453326E328E0001EAD5E /* Resources */ = {
			isa = PBXResourcesBuildPhase;
			buildActionMask = 2147483647;
			files = (
			);
			runOnlyForDeploymentPostprocessing = 0;
		};
/* End PBXResourcesBuildPhase section */

/* Begin PBXShellScriptBuildPhase section */
		158467553021FAE244485C11 /* [CP] Check Pods Manifest.lock */ = {
			isa = PBXShellScriptBuildPhase;
			buildActionMask = 2147483647;
			files = (
			);
			inputFileListPaths = (
			);
			inputPaths = (
				"${PODS_PODFILE_DIR_PATH}/Podfile.lock",
				"${PODS_ROOT}/Manifest.lock",
			);
			name = "[CP] Check Pods Manifest.lock";
			outputFileListPaths = (
			);
			outputPaths = (
				"$(DERIVED_FILE_DIR)/Pods-SSPager-checkManifestLockResult.txt",
			);
			runOnlyForDeploymentPostprocessing = 0;
			shellPath = /bin/sh;
			shellScript = "diff \"${PODS_PODFILE_DIR_PATH}/Podfile.lock\" \"${PODS_ROOT}/Manifest.lock\" > /dev/null\nif [ $? != 0 ] ; then\n    # print error to STDERR\n    echo \"error: The sandbox is not in sync with the Podfile.lock. Run 'pod install' or update your CocoaPods installation.\" >&2\n    exit 1\nfi\n# This output is used by Xcode 'outputs' to avoid re-running this script phase.\necho \"SUCCESS\" > \"${SCRIPT_OUTPUT_FILE_0}\"\n";
			showEnvVarsInLog = 0;
		};
/* End PBXShellScriptBuildPhase section */

/* Begin PBXSourcesBuildPhase section */
		BF7B453126E328E0001EAD5E /* Sources */ = {
			isa = PBXSourcesBuildPhase;
			buildActionMask = 2147483647;
			files = (
				BF7B454726E32927001EAD5E /* SSPagerViewLayout.swift in Sources */,
				BFEE609526EC96BE00885D68 /* SSPagerViewDatatSourceProxy.swift in Sources */,
				BF7B454326E32914001EAD5E /* SSPagerView.swift in Sources */,
				BF7B454526E3291D001EAD5E /* SSPagerViewCell.swift in Sources */,
				BFEE609726EC96C200885D68 /* RxSSPagerViewReactiveArrayDataSource.swift in Sources */,
				BFEE609426EC96BC00885D68 /* SSPagerView+Rx.swift in Sources */,
				BFEE609626EC96C000885D68 /* SSPagerViewDelegateProxy.swift in Sources */,
				BF7B454126E32903001EAD5E /* SSPagerCollectionView.swift in Sources */,
			);
			runOnlyForDeploymentPostprocessing = 0;
		};
/* End PBXSourcesBuildPhase section */

/* Begin XCBuildConfiguration section */
		BF7B453B26E328E0001EAD5E /* Debug */ = {
			isa = XCBuildConfiguration;
			buildSettings = {
				ALWAYS_SEARCH_USER_PATHS = NO;
				CLANG_ANALYZER_NONNULL = YES;
				CLANG_ANALYZER_NUMBER_OBJECT_CONVERSION = YES_AGGRESSIVE;
				CLANG_CXX_LANGUAGE_STANDARD = "gnu++14";
				CLANG_CXX_LIBRARY = "libc++";
				CLANG_ENABLE_MODULES = YES;
				CLANG_ENABLE_OBJC_ARC = YES;
				CLANG_ENABLE_OBJC_WEAK = YES;
				CLANG_WARN_BLOCK_CAPTURE_AUTORELEASING = YES;
				CLANG_WARN_BOOL_CONVERSION = YES;
				CLANG_WARN_COMMA = YES;
				CLANG_WARN_CONSTANT_CONVERSION = YES;
				CLANG_WARN_DEPRECATED_OBJC_IMPLEMENTATIONS = YES;
				CLANG_WARN_DIRECT_OBJC_ISA_USAGE = YES_ERROR;
				CLANG_WARN_DOCUMENTATION_COMMENTS = YES;
				CLANG_WARN_EMPTY_BODY = YES;
				CLANG_WARN_ENUM_CONVERSION = YES;
				CLANG_WARN_INFINITE_RECURSION = YES;
				CLANG_WARN_INT_CONVERSION = YES;
				CLANG_WARN_NON_LITERAL_NULL_CONVERSION = YES;
				CLANG_WARN_OBJC_IMPLICIT_RETAIN_SELF = YES;
				CLANG_WARN_OBJC_LITERAL_CONVERSION = YES;
				CLANG_WARN_OBJC_ROOT_CLASS = YES_ERROR;
				CLANG_WARN_QUOTED_INCLUDE_IN_FRAMEWORK_HEADER = YES;
				CLANG_WARN_RANGE_LOOP_ANALYSIS = YES;
				CLANG_WARN_STRICT_PROTOTYPES = YES;
				CLANG_WARN_SUSPICIOUS_MOVE = YES;
				CLANG_WARN_UNGUARDED_AVAILABILITY = YES_AGGRESSIVE;
				CLANG_WARN_UNREACHABLE_CODE = YES;
				CLANG_WARN__DUPLICATE_METHOD_MATCH = YES;
				COPY_PHASE_STRIP = NO;
				CURRENT_PROJECT_VERSION = 1;
				DEBUG_INFORMATION_FORMAT = dwarf;
				ENABLE_STRICT_OBJC_MSGSEND = YES;
				ENABLE_TESTABILITY = YES;
				GCC_C_LANGUAGE_STANDARD = gnu11;
				GCC_DYNAMIC_NO_PIC = NO;
				GCC_NO_COMMON_BLOCKS = YES;
				GCC_OPTIMIZATION_LEVEL = 0;
				GCC_PREPROCESSOR_DEFINITIONS = (
					"DEBUG=1",
					"$(inherited)",
				);
				GCC_WARN_64_TO_32_BIT_CONVERSION = YES;
				GCC_WARN_ABOUT_RETURN_TYPE = YES_ERROR;
				GCC_WARN_UNDECLARED_SELECTOR = YES;
				GCC_WARN_UNINITIALIZED_AUTOS = YES_AGGRESSIVE;
				GCC_WARN_UNUSED_FUNCTION = YES;
				GCC_WARN_UNUSED_VARIABLE = YES;
				IPHONEOS_DEPLOYMENT_TARGET = 13.0;
				MTL_ENABLE_DEBUG_INFO = INCLUDE_SOURCE;
				MTL_FAST_MATH = YES;
				ONLY_ACTIVE_ARCH = YES;
				SDKROOT = iphoneos;
				SWIFT_ACTIVE_COMPILATION_CONDITIONS = DEBUG;
				SWIFT_OPTIMIZATION_LEVEL = "-Onone";
				SWIFT_VERSION = 5.0;
				VERSIONING_SYSTEM = "apple-generic";
				VERSION_INFO_PREFIX = "";
			};
			name = Debug;
		};
		BF7B453C26E328E0001EAD5E /* Release */ = {
			isa = XCBuildConfiguration;
			buildSettings = {
				ALWAYS_SEARCH_USER_PATHS = NO;
				CLANG_ANALYZER_NONNULL = YES;
				CLANG_ANALYZER_NUMBER_OBJECT_CONVERSION = YES_AGGRESSIVE;
				CLANG_CXX_LANGUAGE_STANDARD = "gnu++14";
				CLANG_CXX_LIBRARY = "libc++";
				CLANG_ENABLE_MODULES = YES;
				CLANG_ENABLE_OBJC_ARC = YES;
				CLANG_ENABLE_OBJC_WEAK = YES;
				CLANG_WARN_BLOCK_CAPTURE_AUTORELEASING = YES;
				CLANG_WARN_BOOL_CONVERSION = YES;
				CLANG_WARN_COMMA = YES;
				CLANG_WARN_CONSTANT_CONVERSION = YES;
				CLANG_WARN_DEPRECATED_OBJC_IMPLEMENTATIONS = YES;
				CLANG_WARN_DIRECT_OBJC_ISA_USAGE = YES_ERROR;
				CLANG_WARN_DOCUMENTATION_COMMENTS = YES;
				CLANG_WARN_EMPTY_BODY = YES;
				CLANG_WARN_ENUM_CONVERSION = YES;
				CLANG_WARN_INFINITE_RECURSION = YES;
				CLANG_WARN_INT_CONVERSION = YES;
				CLANG_WARN_NON_LITERAL_NULL_CONVERSION = YES;
				CLANG_WARN_OBJC_IMPLICIT_RETAIN_SELF = YES;
				CLANG_WARN_OBJC_LITERAL_CONVERSION = YES;
				CLANG_WARN_OBJC_ROOT_CLASS = YES_ERROR;
				CLANG_WARN_QUOTED_INCLUDE_IN_FRAMEWORK_HEADER = YES;
				CLANG_WARN_RANGE_LOOP_ANALYSIS = YES;
				CLANG_WARN_STRICT_PROTOTYPES = YES;
				CLANG_WARN_SUSPICIOUS_MOVE = YES;
				CLANG_WARN_UNGUARDED_AVAILABILITY = YES_AGGRESSIVE;
				CLANG_WARN_UNREACHABLE_CODE = YES;
				CLANG_WARN__DUPLICATE_METHOD_MATCH = YES;
				COPY_PHASE_STRIP = NO;
				CURRENT_PROJECT_VERSION = 1;
				DEBUG_INFORMATION_FORMAT = "dwarf-with-dsym";
				ENABLE_NS_ASSERTIONS = NO;
				ENABLE_STRICT_OBJC_MSGSEND = YES;
				GCC_C_LANGUAGE_STANDARD = gnu11;
				GCC_NO_COMMON_BLOCKS = YES;
				GCC_WARN_64_TO_32_BIT_CONVERSION = YES;
				GCC_WARN_ABOUT_RETURN_TYPE = YES_ERROR;
				GCC_WARN_UNDECLARED_SELECTOR = YES;
				GCC_WARN_UNINITIALIZED_AUTOS = YES_AGGRESSIVE;
				GCC_WARN_UNUSED_FUNCTION = YES;
				GCC_WARN_UNUSED_VARIABLE = YES;
				IPHONEOS_DEPLOYMENT_TARGET = 13.0;
				MTL_ENABLE_DEBUG_INFO = NO;
				MTL_FAST_MATH = YES;
				SDKROOT = iphoneos;
				SWIFT_COMPILATION_MODE = wholemodule;
				SWIFT_OPTIMIZATION_LEVEL = "-O";
				SWIFT_VERSION = 5.0;
				VALIDATE_PRODUCT = YES;
				VERSIONING_SYSTEM = "apple-generic";
				VERSION_INFO_PREFIX = "";
			};
			name = Release;
		};
		BF7B453E26E328E0001EAD5E /* Debug */ = {
			isa = XCBuildConfiguration;
			baseConfigurationReference = 21C87E70764383414124B349 /* Pods-SSPager.debug.xcconfig */;
			buildSettings = {
				BUILD_LIBRARY_FOR_DISTRIBUTION = YES;
				CLANG_ENABLE_MODULES = YES;
				CODE_SIGN_STYLE = Automatic;
				DEFINES_MODULE = YES;
				DEVELOPMENT_TEAM = G99VW8TP32;
				DYLIB_COMPATIBILITY_VERSION = 1;
				DYLIB_CURRENT_VERSION = 1;
				DYLIB_INSTALL_NAME_BASE = "@rpath";
				INFOPLIST_FILE = SSPager/Info.plist;
				INSTALL_PATH = "$(LOCAL_LIBRARY_DIR)/Frameworks";
				IPHONEOS_DEPLOYMENT_TARGET = 13.0;
				LD_RUNPATH_SEARCH_PATHS = (
					"$(inherited)",
					"@executable_path/Frameworks",
					"@loader_path/Frameworks",
				);
				PRODUCT_BUNDLE_IDENTIFIER = com.9oya.SSPager;
				PRODUCT_NAME = "$(TARGET_NAME:c99extidentifier)";
				SKIP_INSTALL = NO;
				SWIFT_OPTIMIZATION_LEVEL = "-Onone";
				SWIFT_VERSION = 5.0;
				TARGETED_DEVICE_FAMILY = "1,2";
			};
			name = Debug;
		};
		BF7B453F26E328E0001EAD5E /* Release */ = {
			isa = XCBuildConfiguration;
			baseConfigurationReference = 8B14A30EF7F7B63C76548874 /* Pods-SSPager.release.xcconfig */;
			buildSettings = {
				BUILD_LIBRARY_FOR_DISTRIBUTION = YES;
				CLANG_ENABLE_MODULES = YES;
				CODE_SIGN_STYLE = Automatic;
				DEFINES_MODULE = YES;
				DEVELOPMENT_TEAM = G99VW8TP32;
				DYLIB_COMPATIBILITY_VERSION = 1;
				DYLIB_CURRENT_VERSION = 1;
				DYLIB_INSTALL_NAME_BASE = "@rpath";
				INFOPLIST_FILE = SSPager/Info.plist;
				INSTALL_PATH = "$(LOCAL_LIBRARY_DIR)/Frameworks";
				IPHONEOS_DEPLOYMENT_TARGET = 13.0;
				LD_RUNPATH_SEARCH_PATHS = (
					"$(inherited)",
					"@executable_path/Frameworks",
					"@loader_path/Frameworks",
				);
				PRODUCT_BUNDLE_IDENTIFIER = com.9oya.SSPager;
				PRODUCT_NAME = "$(TARGET_NAME:c99extidentifier)";
				SKIP_INSTALL = NO;
				SWIFT_VERSION = 5.0;
				TARGETED_DEVICE_FAMILY = "1,2";
			};
			name = Release;
		};
/* End XCBuildConfiguration section */

/* Begin XCConfigurationList section */
		BF7B452F26E328E0001EAD5E /* Build configuration list for PBXProject "SSPager" */ = {
			isa = XCConfigurationList;
			buildConfigurations = (
				BF7B453B26E328E0001EAD5E /* Debug */,
				BF7B453C26E328E0001EAD5E /* Release */,
			);
			defaultConfigurationIsVisible = 0;
			defaultConfigurationName = Release;
		};
		BF7B453D26E328E0001EAD5E /* Build configuration list for PBXNativeTarget "SSPager" */ = {
			isa = XCConfigurationList;
			buildConfigurations = (
				BF7B453E26E328E0001EAD5E /* Debug */,
				BF7B453F26E328E0001EAD5E /* Release */,
			);
			defaultConfigurationIsVisible = 0;
			defaultConfigurationName = Release;
		};
/* End XCConfigurationList section */
	};
	rootObject = BF7B452C26E328E0001EAD5E /* Project object */;
}
